# THIS IS AN AUTOGENERATED FILE. DO NOT EDIT THIS FILE DIRECTLY.
# yarn lockfile v1


"@tailwindcss/forms@^0.5.9":
  version "0.5.9"
  resolved "https://registry.yarnpkg.com/@tailwindcss/forms/-/forms-0.5.9.tgz#b495c12575d6eae5865b2cbd9876b26d89f16f61"
  integrity sha512-tM4XVr2+UVTxXJzey9Twx48c1gcxFStqn1pQz0tRsX8o3DvxhN5oY5pvyAbUx7VTaZxpej4Zzvc6h+1RJBzpIg==
  dependencies:
    mini-svg-data-uri "^1.2.3"

mini-svg-data-uri@^1.2.3:
  version "1.4.4"
  resolved "https://registry.yarnpkg.com/mini-svg-data-uri/-/mini-svg-data-uri-1.4.4.tgz#8ab0aabcdf8c29ad5693ca595af19dd2ead09939"
  integrity sha512-r9deDe9p5FJUPZAk3A59wGH7Ii9YrjjWw0jmw/liSbHl2CHiyXj6FcDXDu2K3TjVAXqiJdaw3xxwlZZr9E6nHg==
